// !$*UTF8*$!
{
	archiveVersion = 1;
	classes = {
	};
	objectVersion = 46;
	objects = {

/* Begin PBXBuildFile section */
		7368C62A1ED7462800C60504 /* GYReduceKitSpec.swift in Sources */ = {isa = PBXBuildFile; fileRef = 7368C6291ED7462800C60504 /* GYReduceKitSpec.swift */; };
		73AF7D931EE4212F0042617F /* FileProcess.swift in Sources */ = {isa = PBXBuildFile; fileRef = 73AF7D921EE4212F0042617F /* FileProcess.swift */; };
		OBJ_101 /* Spectre.framework in Frameworks */ = {isa = PBXBuildFile; fileRef = OBJ_49 /* Spectre.framework */; };
		OBJ_108 /* Extensions.swift in Sources */ = {isa = PBXBuildFile; fileRef = OBJ_9 /* Extensions.swift */; };
		OBJ_109 /* GYReduceKit.swift in Sources */ = {isa = PBXBuildFile; fileRef = OBJ_10 /* GYReduceKit.swift */; };
		OBJ_110 /* StringsSearchRule.swift in Sources */ = {isa = PBXBuildFile; fileRef = OBJ_11 /* StringsSearchRule.swift */; };
		OBJ_112 /* CommandLineKit.framework in Frameworks */ = {isa = PBXBuildFile; fileRef = OBJ_47 /* CommandLineKit.framework */; };
		OBJ_113 /* Rainbow.framework in Frameworks */ = {isa = PBXBuildFile; fileRef = OBJ_48 /* Rainbow.framework */; };
		OBJ_114 /* Spectre.framework in Frameworks */ = {isa = PBXBuildFile; fileRef = OBJ_49 /* Spectre.framework */; };
		OBJ_115 /* PathKit.framework in Frameworks */ = {isa = PBXBuildFile; fileRef = OBJ_50 /* PathKit.framework */; };
		OBJ_125 /* main.swift in Sources */ = {isa = PBXBuildFile; fileRef = OBJ_13 /* main.swift */; };
		OBJ_127 /* CommandLineKit.framework in Frameworks */ = {isa = PBXBuildFile; fileRef = OBJ_47 /* CommandLineKit.framework */; };
		OBJ_128 /* Rainbow.framework in Frameworks */ = {isa = PBXBuildFile; fileRef = OBJ_48 /* Rainbow.framework */; };
		OBJ_129 /* Spectre.framework in Frameworks */ = {isa = PBXBuildFile; fileRef = OBJ_49 /* Spectre.framework */; };
		OBJ_130 /* PathKit.framework in Frameworks */ = {isa = PBXBuildFile; fileRef = OBJ_50 /* PathKit.framework */; };
		OBJ_131 /* GYReduceKit.framework in Frameworks */ = {isa = PBXBuildFile; fileRef = OBJ_51 /* GYReduceKit.framework */; };
		OBJ_142 /* GYReduceKitTests.swift in Sources */ = {isa = PBXBuildFile; fileRef = OBJ_16 /* GYReduceKitTests.swift */; };
		OBJ_144 /* CommandLineKit.framework in Frameworks */ = {isa = PBXBuildFile; fileRef = OBJ_47 /* CommandLineKit.framework */; };
		OBJ_145 /* Rainbow.framework in Frameworks */ = {isa = PBXBuildFile; fileRef = OBJ_48 /* Rainbow.framework */; };
		OBJ_146 /* Spectre.framework in Frameworks */ = {isa = PBXBuildFile; fileRef = OBJ_49 /* Spectre.framework */; };
		OBJ_147 /* PathKit.framework in Frameworks */ = {isa = PBXBuildFile; fileRef = OBJ_50 /* PathKit.framework */; };
		OBJ_148 /* GYReduceKit.framework in Frameworks */ = {isa = PBXBuildFile; fileRef = OBJ_51 /* GYReduceKit.framework */; };
		OBJ_59 /* CommandLine.swift in Sources */ = {isa = PBXBuildFile; fileRef = OBJ_43 /* CommandLine.swift */; };
		OBJ_60 /* Option.swift in Sources */ = {isa = PBXBuildFile; fileRef = OBJ_44 /* Option.swift */; };
		OBJ_61 /* StringExtensions.swift in Sources */ = {isa = PBXBuildFile; fileRef = OBJ_45 /* StringExtensions.swift */; };
		OBJ_68 /* BackgroundColor.swift in Sources */ = {isa = PBXBuildFile; fileRef = OBJ_30 /* BackgroundColor.swift */; };
		OBJ_69 /* CodesParser.swift in Sources */ = {isa = PBXBuildFile; fileRef = OBJ_31 /* CodesParser.swift */; };
		OBJ_70 /* Color.swift in Sources */ = {isa = PBXBuildFile; fileRef = OBJ_32 /* Color.swift */; };
		OBJ_71 /* ControlCode.swift in Sources */ = {isa = PBXBuildFile; fileRef = OBJ_33 /* ControlCode.swift */; };
		OBJ_72 /* ModesExtractor.swift in Sources */ = {isa = PBXBuildFile; fileRef = OBJ_34 /* ModesExtractor.swift */; };
		OBJ_73 /* OutputTarget.swift in Sources */ = {isa = PBXBuildFile; fileRef = OBJ_35 /* OutputTarget.swift */; };
		OBJ_74 /* Rainbow.swift in Sources */ = {isa = PBXBuildFile; fileRef = OBJ_36 /* Rainbow.swift */; };
		OBJ_75 /* String+Rainbow.swift in Sources */ = {isa = PBXBuildFile; fileRef = OBJ_37 /* String+Rainbow.swift */; };
		OBJ_76 /* StringGenerator.swift in Sources */ = {isa = PBXBuildFile; fileRef = OBJ_38 /* StringGenerator.swift */; };
		OBJ_77 /* Style.swift in Sources */ = {isa = PBXBuildFile; fileRef = OBJ_39 /* Style.swift */; };
		OBJ_78 /* XcodeColorsSupport.swift in Sources */ = {isa = PBXBuildFile; fileRef = OBJ_40 /* XcodeColorsSupport.swift */; };
		OBJ_85 /* Case.swift in Sources */ = {isa = PBXBuildFile; fileRef = OBJ_21 /* Case.swift */; };
		OBJ_86 /* Context.swift in Sources */ = {isa = PBXBuildFile; fileRef = OBJ_22 /* Context.swift */; };
		OBJ_87 /* Expectation.swift in Sources */ = {isa = PBXBuildFile; fileRef = OBJ_23 /* Expectation.swift */; };
		OBJ_88 /* Failure.swift in Sources */ = {isa = PBXBuildFile; fileRef = OBJ_24 /* Failure.swift */; };
		OBJ_89 /* Global.swift in Sources */ = {isa = PBXBuildFile; fileRef = OBJ_25 /* Global.swift */; };
		OBJ_90 /* GlobalContext.swift in Sources */ = {isa = PBXBuildFile; fileRef = OBJ_26 /* GlobalContext.swift */; };
		OBJ_91 /* Reporter.swift in Sources */ = {isa = PBXBuildFile; fileRef = OBJ_27 /* Reporter.swift */; };
		OBJ_92 /* Reporters.swift in Sources */ = {isa = PBXBuildFile; fileRef = OBJ_28 /* Reporters.swift */; };
		OBJ_99 /* PathKit.swift in Sources */ = {isa = PBXBuildFile; fileRef = OBJ_19 /* PathKit.swift */; };
/* End PBXBuildFile section */

/* Begin PBXContainerItemProxy section */
		7368C61A1ED7455F00C60504 /* PBXContainerItemProxy */ = {
			isa = PBXContainerItemProxy;
			containerPortal = OBJ_1 /* Project object */;
			proxyType = 1;
			remoteGlobalIDString = OBJ_80;
			remoteInfo = Spectre;
		};
		7368C61B1ED7455F00C60504 /* PBXContainerItemProxy */ = {
			isa = PBXContainerItemProxy;
			containerPortal = OBJ_1 /* Project object */;
			proxyType = 1;
			remoteGlobalIDString = OBJ_54;
			remoteInfo = CommandLineKit;
		};
		7368C61C1ED7455F00C60504 /* PBXContainerItemProxy */ = {
			isa = PBXContainerItemProxy;
			containerPortal = OBJ_1 /* Project object */;
			proxyType = 1;
			remoteGlobalIDString = OBJ_63;
			remoteInfo = Rainbow;
		};
		7368C61D1ED7455F00C60504 /* PBXContainerItemProxy */ = {
			isa = PBXContainerItemProxy;
			containerPortal = OBJ_1 /* Project object */;
			proxyType = 1;
			remoteGlobalIDString = OBJ_80;
			remoteInfo = Spectre;
		};
		7368C61E1ED7455F00C60504 /* PBXContainerItemProxy */ = {
			isa = PBXContainerItemProxy;
			containerPortal = OBJ_1 /* Project object */;
			proxyType = 1;
			remoteGlobalIDString = OBJ_94;
			remoteInfo = PathKit;
		};
		7368C61F1ED7455F00C60504 /* PBXContainerItemProxy */ = {
			isa = PBXContainerItemProxy;
			containerPortal = OBJ_1 /* Project object */;
			proxyType = 1;
			remoteGlobalIDString = OBJ_54;
			remoteInfo = CommandLineKit;
		};
		7368C6201ED7455F00C60504 /* PBXContainerItemProxy */ = {
			isa = PBXContainerItemProxy;
			containerPortal = OBJ_1 /* Project object */;
			proxyType = 1;
			remoteGlobalIDString = OBJ_63;
			remoteInfo = Rainbow;
		};
		7368C6211ED7455F00C60504 /* PBXContainerItemProxy */ = {
			isa = PBXContainerItemProxy;
			containerPortal = OBJ_1 /* Project object */;
			proxyType = 1;
			remoteGlobalIDString = OBJ_80;
			remoteInfo = Spectre;
		};
		7368C6221ED7455F00C60504 /* PBXContainerItemProxy */ = {
			isa = PBXContainerItemProxy;
			containerPortal = OBJ_1 /* Project object */;
			proxyType = 1;
			remoteGlobalIDString = OBJ_94;
			remoteInfo = PathKit;
		};
		7368C6231ED7455F00C60504 /* PBXContainerItemProxy */ = {
			isa = PBXContainerItemProxy;
			containerPortal = OBJ_1 /* Project object */;
			proxyType = 1;
			remoteGlobalIDString = OBJ_103;
			remoteInfo = GYReduceKit;
		};
		7368C6241ED7455F00C60504 /* PBXContainerItemProxy */ = {
			isa = PBXContainerItemProxy;
			containerPortal = OBJ_1 /* Project object */;
			proxyType = 1;
			remoteGlobalIDString = OBJ_54;
			remoteInfo = CommandLineKit;
		};
		7368C6251ED7455F00C60504 /* PBXContainerItemProxy */ = {
			isa = PBXContainerItemProxy;
			containerPortal = OBJ_1 /* Project object */;
			proxyType = 1;
			remoteGlobalIDString = OBJ_63;
			remoteInfo = Rainbow;
		};
		7368C6261ED7455F00C60504 /* PBXContainerItemProxy */ = {
			isa = PBXContainerItemProxy;
			containerPortal = OBJ_1 /* Project object */;
			proxyType = 1;
			remoteGlobalIDString = OBJ_80;
			remoteInfo = Spectre;
		};
		7368C6271ED7455F00C60504 /* PBXContainerItemProxy */ = {
			isa = PBXContainerItemProxy;
			containerPortal = OBJ_1 /* Project object */;
			proxyType = 1;
			remoteGlobalIDString = OBJ_94;
			remoteInfo = PathKit;
		};
		7368C6281ED7455F00C60504 /* PBXContainerItemProxy */ = {
			isa = PBXContainerItemProxy;
			containerPortal = OBJ_1 /* Project object */;
			proxyType = 1;
			remoteGlobalIDString = OBJ_103;
			remoteInfo = GYReduceKit;
		};
/* End PBXContainerItemProxy section */

/* Begin PBXFileReference section */
		7368C6291ED7462800C60504 /* GYReduceKitSpec.swift */ = {isa = PBXFileReference; fileEncoding = 4; lastKnownFileType = sourcecode.swift; path = GYReduceKitSpec.swift; sourceTree = "<group>"; };
		73AF7D921EE4212F0042617F /* FileProcess.swift */ = {isa = PBXFileReference; fileEncoding = 4; lastKnownFileType = sourcecode.swift; path = FileProcess.swift; sourceTree = "<group>"; };
		OBJ_10 /* GYReduceKit.swift */ = {isa = PBXFileReference; lastKnownFileType = sourcecode.swift; path = GYReduceKit.swift; sourceTree = "<group>"; };
		OBJ_11 /* StringsSearchRule.swift */ = {isa = PBXFileReference; lastKnownFileType = sourcecode.swift; path = StringsSearchRule.swift; sourceTree = "<group>"; };
		OBJ_13 /* main.swift */ = {isa = PBXFileReference; lastKnownFileType = sourcecode.swift; path = main.swift; sourceTree = "<group>"; };
		OBJ_16 /* GYReduceKitTests.swift */ = {isa = PBXFileReference; lastKnownFileType = sourcecode.swift; path = GYReduceKitTests.swift; sourceTree = "<group>"; };
		OBJ_19 /* PathKit.swift */ = {isa = PBXFileReference; lastKnownFileType = sourcecode.swift; path = PathKit.swift; sourceTree = "<group>"; };
		OBJ_21 /* Case.swift */ = {isa = PBXFileReference; lastKnownFileType = sourcecode.swift; path = Case.swift; sourceTree = "<group>"; };
		OBJ_22 /* Context.swift */ = {isa = PBXFileReference; lastKnownFileType = sourcecode.swift; path = Context.swift; sourceTree = "<group>"; };
		OBJ_23 /* Expectation.swift */ = {isa = PBXFileReference; lastKnownFileType = sourcecode.swift; path = Expectation.swift; sourceTree = "<group>"; };
		OBJ_24 /* Failure.swift */ = {isa = PBXFileReference; lastKnownFileType = sourcecode.swift; path = Failure.swift; sourceTree = "<group>"; };
		OBJ_25 /* Global.swift */ = {isa = PBXFileReference; lastKnownFileType = sourcecode.swift; path = Global.swift; sourceTree = "<group>"; };
		OBJ_26 /* GlobalContext.swift */ = {isa = PBXFileReference; lastKnownFileType = sourcecode.swift; path = GlobalContext.swift; sourceTree = "<group>"; };
		OBJ_27 /* Reporter.swift */ = {isa = PBXFileReference; lastKnownFileType = sourcecode.swift; path = Reporter.swift; sourceTree = "<group>"; };
		OBJ_28 /* Reporters.swift */ = {isa = PBXFileReference; lastKnownFileType = sourcecode.swift; path = Reporters.swift; sourceTree = "<group>"; };
		OBJ_30 /* BackgroundColor.swift */ = {isa = PBXFileReference; lastKnownFileType = sourcecode.swift; path = BackgroundColor.swift; sourceTree = "<group>"; };
		OBJ_31 /* CodesParser.swift */ = {isa = PBXFileReference; lastKnownFileType = sourcecode.swift; path = CodesParser.swift; sourceTree = "<group>"; };
		OBJ_32 /* Color.swift */ = {isa = PBXFileReference; lastKnownFileType = sourcecode.swift; path = Color.swift; sourceTree = "<group>"; };
		OBJ_33 /* ControlCode.swift */ = {isa = PBXFileReference; lastKnownFileType = sourcecode.swift; path = ControlCode.swift; sourceTree = "<group>"; };
		OBJ_34 /* ModesExtractor.swift */ = {isa = PBXFileReference; lastKnownFileType = sourcecode.swift; path = ModesExtractor.swift; sourceTree = "<group>"; };
		OBJ_35 /* OutputTarget.swift */ = {isa = PBXFileReference; lastKnownFileType = sourcecode.swift; path = OutputTarget.swift; sourceTree = "<group>"; };
		OBJ_36 /* Rainbow.swift */ = {isa = PBXFileReference; lastKnownFileType = sourcecode.swift; path = Rainbow.swift; sourceTree = "<group>"; };
		OBJ_37 /* String+Rainbow.swift */ = {isa = PBXFileReference; lastKnownFileType = sourcecode.swift; path = "String+Rainbow.swift"; sourceTree = "<group>"; };
		OBJ_38 /* StringGenerator.swift */ = {isa = PBXFileReference; lastKnownFileType = sourcecode.swift; path = StringGenerator.swift; sourceTree = "<group>"; };
		OBJ_39 /* Style.swift */ = {isa = PBXFileReference; lastKnownFileType = sourcecode.swift; path = Style.swift; sourceTree = "<group>"; };
		OBJ_40 /* XcodeColorsSupport.swift */ = {isa = PBXFileReference; lastKnownFileType = sourcecode.swift; path = XcodeColorsSupport.swift; sourceTree = "<group>"; };
		OBJ_43 /* CommandLine.swift */ = {isa = PBXFileReference; lastKnownFileType = sourcecode.swift; path = CommandLine.swift; sourceTree = "<group>"; };
		OBJ_44 /* Option.swift */ = {isa = PBXFileReference; lastKnownFileType = sourcecode.swift; path = Option.swift; sourceTree = "<group>"; };
		OBJ_45 /* StringExtensions.swift */ = {isa = PBXFileReference; lastKnownFileType = sourcecode.swift; path = StringExtensions.swift; sourceTree = "<group>"; };
		OBJ_47 /* CommandLineKit.framework */ = {isa = PBXFileReference; explicitFileType = wrapper.framework; path = CommandLineKit.framework; sourceTree = BUILT_PRODUCTS_DIR; };
		OBJ_48 /* Rainbow.framework */ = {isa = PBXFileReference; explicitFileType = wrapper.framework; path = Rainbow.framework; sourceTree = BUILT_PRODUCTS_DIR; };
		OBJ_49 /* Spectre.framework */ = {isa = PBXFileReference; explicitFileType = wrapper.framework; path = Spectre.framework; sourceTree = BUILT_PRODUCTS_DIR; };
		OBJ_50 /* PathKit.framework */ = {isa = PBXFileReference; explicitFileType = wrapper.framework; path = PathKit.framework; sourceTree = BUILT_PRODUCTS_DIR; };
		OBJ_51 /* GYReduceKit.framework */ = {isa = PBXFileReference; explicitFileType = wrapper.framework; path = GYReduceKit.framework; sourceTree = BUILT_PRODUCTS_DIR; };
		OBJ_52 /* GYReduceTool */ = {isa = PBXFileReference; lastKnownFileType = text; path = GYReduceTool; sourceTree = BUILT_PRODUCTS_DIR; };
		OBJ_53 /* GYReduceKitTests.xctest */ = {isa = PBXFileReference; lastKnownFileType = file; path = GYReduceKitTests.xctest; sourceTree = BUILT_PRODUCTS_DIR; };
		OBJ_6 /* Package.swift */ = {isa = PBXFileReference; explicitFileType = sourcecode.swift; path = Package.swift; sourceTree = "<group>"; };
		OBJ_9 /* Extensions.swift */ = {isa = PBXFileReference; lastKnownFileType = sourcecode.swift; path = Extensions.swift; sourceTree = "<group>"; };
/* End PBXFileReference section */

/* Begin PBXFrameworksBuildPhase section */
		OBJ_100 /* Frameworks */ = {
			isa = PBXFrameworksBuildPhase;
			buildActionMask = 0;
			files = (
				OBJ_101 /* Spectre.framework in Frameworks */,
			);
			runOnlyForDeploymentPostprocessing = 0;
		};
		OBJ_111 /* Frameworks */ = {
			isa = PBXFrameworksBuildPhase;
			buildActionMask = 0;
			files = (
				OBJ_112 /* CommandLineKit.framework in Frameworks */,
				OBJ_113 /* Rainbow.framework in Frameworks */,
				OBJ_114 /* Spectre.framework in Frameworks */,
				OBJ_115 /* PathKit.framework in Frameworks */,
			);
			runOnlyForDeploymentPostprocessing = 0;
		};
		OBJ_126 /* Frameworks */ = {
			isa = PBXFrameworksBuildPhase;
			buildActionMask = 0;
			files = (
				OBJ_127 /* CommandLineKit.framework in Frameworks */,
				OBJ_128 /* Rainbow.framework in Frameworks */,
				OBJ_129 /* Spectre.framework in Frameworks */,
				OBJ_130 /* PathKit.framework in Frameworks */,
				OBJ_131 /* GYReduceKit.framework in Frameworks */,
			);
			runOnlyForDeploymentPostprocessing = 0;
		};
		OBJ_143 /* Frameworks */ = {
			isa = PBXFrameworksBuildPhase;
			buildActionMask = 0;
			files = (
				OBJ_144 /* CommandLineKit.framework in Frameworks */,
				OBJ_145 /* Rainbow.framework in Frameworks */,
				OBJ_146 /* Spectre.framework in Frameworks */,
				OBJ_147 /* PathKit.framework in Frameworks */,
				OBJ_148 /* GYReduceKit.framework in Frameworks */,
			);
			runOnlyForDeploymentPostprocessing = 0;
		};
		OBJ_62 /* Frameworks */ = {
			isa = PBXFrameworksBuildPhase;
			buildActionMask = 0;
			files = (
			);
			runOnlyForDeploymentPostprocessing = 0;
		};
		OBJ_79 /* Frameworks */ = {
			isa = PBXFrameworksBuildPhase;
			buildActionMask = 0;
			files = (
			);
			runOnlyForDeploymentPostprocessing = 0;
		};
		OBJ_93 /* Frameworks */ = {
			isa = PBXFrameworksBuildPhase;
			buildActionMask = 0;
			files = (
			);
			runOnlyForDeploymentPostprocessing = 0;
		};
/* End PBXFrameworksBuildPhase section */

/* Begin PBXGroup section */
		OBJ_12 /* GYReduceTool */ = {
			isa = PBXGroup;
			children = (
				OBJ_13 /* main.swift */,
			);
			name = GYReduceTool;
			path = Sources/GYReduceTool;
			sourceTree = SOURCE_ROOT;
		};
		OBJ_14 /* Tests */ = {
			isa = PBXGroup;
			children = (
				OBJ_15 /* GYReduceKitTests */,
			);
			name = Tests;
			sourceTree = SOURCE_ROOT;
		};
		OBJ_15 /* GYReduceKitTests */ = {
			isa = PBXGroup;
			children = (
				OBJ_16 /* GYReduceKitTests.swift */,
				7368C6291ED7462800C60504 /* GYReduceKitSpec.swift */,
			);
			name = GYReduceKitTests;
			path = Tests/GYReduceKitTests;
			sourceTree = SOURCE_ROOT;
		};
		OBJ_17 /* Dependencies */ = {
			isa = PBXGroup;
			children = (
				OBJ_18 /* PathKit 0.8.0 */,
				OBJ_20 /* Spectre 0.7.2 */,
				OBJ_29 /* Rainbow 2.0.1 */,
				OBJ_41 /* CommandLine 3.0.0-pre1 */,
			);
			name = Dependencies;
			sourceTree = "<group>";
		};
		OBJ_18 /* PathKit 0.8.0 */ = {
			isa = PBXGroup;
			children = (
				OBJ_19 /* PathKit.swift */,
			);
			name = "PathKit 0.8.0";
			path = ".build/checkouts/PathKit--9185519632264250829/Sources";
			sourceTree = SOURCE_ROOT;
		};
		OBJ_20 /* Spectre 0.7.2 */ = {
			isa = PBXGroup;
			children = (
				OBJ_21 /* Case.swift */,
				OBJ_22 /* Context.swift */,
				OBJ_23 /* Expectation.swift */,
				OBJ_24 /* Failure.swift */,
				OBJ_25 /* Global.swift */,
				OBJ_26 /* GlobalContext.swift */,
				OBJ_27 /* Reporter.swift */,
				OBJ_28 /* Reporters.swift */,
			);
			name = "Spectre 0.7.2";
			path = ".build/checkouts/Spectre.git--7655155069707042687/Sources";
			sourceTree = SOURCE_ROOT;
		};
		OBJ_29 /* Rainbow 2.0.1 */ = {
			isa = PBXGroup;
			children = (
				OBJ_30 /* BackgroundColor.swift */,
				OBJ_31 /* CodesParser.swift */,
				OBJ_32 /* Color.swift */,
				OBJ_33 /* ControlCode.swift */,
				OBJ_34 /* ModesExtractor.swift */,
				OBJ_35 /* OutputTarget.swift */,
				OBJ_36 /* Rainbow.swift */,
				OBJ_37 /* String+Rainbow.swift */,
				OBJ_38 /* StringGenerator.swift */,
				OBJ_39 /* Style.swift */,
				OBJ_40 /* XcodeColorsSupport.swift */,
			);
			name = "Rainbow 2.0.1";
			path = ".build/checkouts/Rainbow-4833422609927903952/Sources";
			sourceTree = SOURCE_ROOT;
		};
		OBJ_41 /* CommandLine 3.0.0-pre1 */ = {
			isa = PBXGroup;
			children = (
				OBJ_42 /* CommandLineKit */,
			);
			name = "CommandLine 3.0.0-pre1";
			sourceTree = SOURCE_ROOT;
		};
		OBJ_42 /* CommandLineKit */ = {
			isa = PBXGroup;
			children = (
				OBJ_43 /* CommandLine.swift */,
				OBJ_44 /* Option.swift */,
				OBJ_45 /* StringExtensions.swift */,
			);
			name = CommandLineKit;
			path = ".build/checkouts/CommandLine-2650396103741080200/CommandLineKit";
			sourceTree = SOURCE_ROOT;
		};
		OBJ_46 /* Products */ = {
			isa = PBXGroup;
			children = (
				OBJ_47 /* CommandLineKit.framework */,
				OBJ_48 /* Rainbow.framework */,
				OBJ_49 /* Spectre.framework */,
				OBJ_50 /* PathKit.framework */,
				OBJ_51 /* GYReduceKit.framework */,
				OBJ_52 /* GYReduceTool */,
				OBJ_53 /* GYReduceKitTests.xctest */,
			);
			name = Products;
			sourceTree = BUILT_PRODUCTS_DIR;
		};
		OBJ_5 = {
			isa = PBXGroup;
			children = (
				OBJ_6 /* Package.swift */,
				OBJ_7 /* Sources */,
				OBJ_14 /* Tests */,
				OBJ_17 /* Dependencies */,
				OBJ_46 /* Products */,
			);
			sourceTree = "<group>";
		};
		OBJ_7 /* Sources */ = {
			isa = PBXGroup;
			children = (
				OBJ_8 /* GYReduceKit */,
				OBJ_12 /* GYReduceTool */,
			);
			name = Sources;
			sourceTree = SOURCE_ROOT;
		};
		OBJ_8 /* GYReduceKit */ = {
			isa = PBXGroup;
			children = (
				OBJ_9 /* Extensions.swift */,
				OBJ_10 /* GYReduceKit.swift */,
				OBJ_11 /* StringsSearchRule.swift */,
				73AF7D921EE4212F0042617F /* FileProcess.swift */,
			);
			name = GYReduceKit;
			path = Sources/GYReduceKit;
			sourceTree = SOURCE_ROOT;
		};
/* End PBXGroup section */

/* Begin PBXNativeTarget section */
		OBJ_103 /* GYReduceKit */ = {
			isa = PBXNativeTarget;
			buildConfigurationList = OBJ_104 /* Build configuration list for PBXNativeTarget "GYReduceKit" */;
			buildPhases = (
				OBJ_107 /* Sources */,
				OBJ_111 /* Frameworks */,
			);
			buildRules = (
			);
			dependencies = (
				OBJ_116 /* PBXTargetDependency */,
				OBJ_117 /* PBXTargetDependency */,
				OBJ_118 /* PBXTargetDependency */,
				OBJ_119 /* PBXTargetDependency */,
			);
			name = GYReduceKit;
			productName = GYReduceKit;
			productReference = OBJ_51 /* GYReduceKit.framework */;
			productType = "com.apple.product-type.framework";
		};
		OBJ_120 /* GYReduceTool */ = {
			isa = PBXNativeTarget;
			buildConfigurationList = OBJ_121 /* Build configuration list for PBXNativeTarget "GYReduceTool" */;
			buildPhases = (
				OBJ_124 /* Sources */,
				OBJ_126 /* Frameworks */,
			);
			buildRules = (
			);
			dependencies = (
				OBJ_132 /* PBXTargetDependency */,
				OBJ_133 /* PBXTargetDependency */,
				OBJ_134 /* PBXTargetDependency */,
				OBJ_135 /* PBXTargetDependency */,
				OBJ_136 /* PBXTargetDependency */,
			);
			name = GYReduceTool;
			productName = GYReduceTool;
			productReference = OBJ_52 /* GYReduceTool */;
			productType = "com.apple.product-type.tool";
		};
		OBJ_137 /* GYReduceKitTests */ = {
			isa = PBXNativeTarget;
			buildConfigurationList = OBJ_138 /* Build configuration list for PBXNativeTarget "GYReduceKitTests" */;
			buildPhases = (
				OBJ_141 /* Sources */,
				OBJ_143 /* Frameworks */,
			);
			buildRules = (
			);
			dependencies = (
				OBJ_149 /* PBXTargetDependency */,
				OBJ_150 /* PBXTargetDependency */,
				OBJ_151 /* PBXTargetDependency */,
				OBJ_152 /* PBXTargetDependency */,
				OBJ_153 /* PBXTargetDependency */,
			);
			name = GYReduceKitTests;
			productName = GYReduceKitTests;
			productReference = OBJ_53 /* GYReduceKitTests.xctest */;
			productType = "com.apple.product-type.bundle.unit-test";
		};
		OBJ_54 /* CommandLineKit */ = {
			isa = PBXNativeTarget;
			buildConfigurationList = OBJ_55 /* Build configuration list for PBXNativeTarget "CommandLineKit" */;
			buildPhases = (
				OBJ_58 /* Sources */,
				OBJ_62 /* Frameworks */,
			);
			buildRules = (
			);
			dependencies = (
			);
			name = CommandLineKit;
			productName = CommandLineKit;
			productReference = OBJ_47 /* CommandLineKit.framework */;
			productType = "com.apple.product-type.framework";
		};
		OBJ_63 /* Rainbow */ = {
			isa = PBXNativeTarget;
			buildConfigurationList = OBJ_64 /* Build configuration list for PBXNativeTarget "Rainbow" */;
			buildPhases = (
				OBJ_67 /* Sources */,
				OBJ_79 /* Frameworks */,
			);
			buildRules = (
			);
			dependencies = (
			);
			name = Rainbow;
			productName = Rainbow;
			productReference = OBJ_48 /* Rainbow.framework */;
			productType = "com.apple.product-type.framework";
		};
		OBJ_80 /* Spectre */ = {
			isa = PBXNativeTarget;
			buildConfigurationList = OBJ_81 /* Build configuration list for PBXNativeTarget "Spectre" */;
			buildPhases = (
				OBJ_84 /* Sources */,
				OBJ_93 /* Frameworks */,
			);
			buildRules = (
			);
			dependencies = (
			);
			name = Spectre;
			productName = Spectre;
			productReference = OBJ_49 /* Spectre.framework */;
			productType = "com.apple.product-type.framework";
		};
		OBJ_94 /* PathKit */ = {
			isa = PBXNativeTarget;
			buildConfigurationList = OBJ_95 /* Build configuration list for PBXNativeTarget "PathKit" */;
			buildPhases = (
				OBJ_98 /* Sources */,
				OBJ_100 /* Frameworks */,
			);
			buildRules = (
			);
			dependencies = (
				OBJ_102 /* PBXTargetDependency */,
			);
			name = PathKit;
			productName = PathKit;
			productReference = OBJ_50 /* PathKit.framework */;
			productType = "com.apple.product-type.framework";
		};
/* End PBXNativeTarget section */

/* Begin PBXProject section */
		OBJ_1 /* Project object */ = {
			isa = PBXProject;
			attributes = {
				LastUpgradeCheck = 9999;
			};
			buildConfigurationList = OBJ_2 /* Build configuration list for PBXProject "GYReduceTool" */;
			compatibilityVersion = "Xcode 3.2";
			developmentRegion = English;
			hasScannedForEncodings = 0;
			knownRegions = (
				en,
			);
			mainGroup = OBJ_5;
			productRefGroup = OBJ_46 /* Products */;
			projectDirPath = "";
			projectRoot = "";
			targets = (
				OBJ_54 /* CommandLineKit */,
				OBJ_63 /* Rainbow */,
				OBJ_80 /* Spectre */,
				OBJ_94 /* PathKit */,
				OBJ_103 /* GYReduceKit */,
				OBJ_120 /* GYReduceTool */,
				OBJ_137 /* GYReduceKitTests */,
			);
		};
/* End PBXProject section */

/* Begin PBXSourcesBuildPhase section */
		OBJ_107 /* Sources */ = {
			isa = PBXSourcesBuildPhase;
			buildActionMask = 0;
			files = (
				OBJ_108 /* Extensions.swift in Sources */,
				OBJ_109 /* GYReduceKit.swift in Sources */,
				OBJ_110 /* StringsSearchRule.swift in Sources */,
				73AF7D931EE4212F0042617F /* FileProcess.swift in Sources */,
			);
			runOnlyForDeploymentPostprocessing = 0;
		};
		OBJ_124 /* Sources */ = {
			isa = PBXSourcesBuildPhase;
			buildActionMask = 0;
			files = (
				OBJ_125 /* main.swift in Sources */,
			);
			runOnlyForDeploymentPostprocessing = 0;
		};
		OBJ_141 /* Sources */ = {
			isa = PBXSourcesBuildPhase;
			buildActionMask = 0;
			files = (
				OBJ_142 /* GYReduceKitTests.swift in Sources */,
				7368C62A1ED7462800C60504 /* GYReduceKitSpec.swift in Sources */,
			);
			runOnlyForDeploymentPostprocessing = 0;
		};
		OBJ_58 /* Sources */ = {
			isa = PBXSourcesBuildPhase;
			buildActionMask = 0;
			files = (
				OBJ_59 /* CommandLine.swift in Sources */,
				OBJ_60 /* Option.swift in Sources */,
				OBJ_61 /* StringExtensions.swift in Sources */,
			);
			runOnlyForDeploymentPostprocessing = 0;
		};
		OBJ_67 /* Sources */ = {
			isa = PBXSourcesBuildPhase;
			buildActionMask = 0;
			files = (
				OBJ_68 /* BackgroundColor.swift in Sources */,
				OBJ_69 /* CodesParser.swift in Sources */,
				OBJ_70 /* Color.swift in Sources */,
				OBJ_71 /* ControlCode.swift in Sources */,
				OBJ_72 /* ModesExtractor.swift in Sources */,
				OBJ_73 /* OutputTarget.swift in Sources */,
				OBJ_74 /* Rainbow.swift in Sources */,
				OBJ_75 /* String+Rainbow.swift in Sources */,
				OBJ_76 /* StringGenerator.swift in Sources */,
				OBJ_77 /* Style.swift in Sources */,
				OBJ_78 /* XcodeColorsSupport.swift in Sources */,
			);
			runOnlyForDeploymentPostprocessing = 0;
		};
		OBJ_84 /* Sources */ = {
			isa = PBXSourcesBuildPhase;
			buildActionMask = 0;
			files = (
				OBJ_85 /* Case.swift in Sources */,
				OBJ_86 /* Context.swift in Sources */,
				OBJ_87 /* Expectation.swift in Sources */,
				OBJ_88 /* Failure.swift in Sources */,
				OBJ_89 /* Global.swift in Sources */,
				OBJ_90 /* GlobalContext.swift in Sources */,
				OBJ_91 /* Reporter.swift in Sources */,
				OBJ_92 /* Reporters.swift in Sources */,
			);
			runOnlyForDeploymentPostprocessing = 0;
		};
		OBJ_98 /* Sources */ = {
			isa = PBXSourcesBuildPhase;
			buildActionMask = 0;
			files = (
				OBJ_99 /* PathKit.swift in Sources */,
			);
			runOnlyForDeploymentPostprocessing = 0;
		};
/* End PBXSourcesBuildPhase section */

/* Begin PBXTargetDependency section */
		OBJ_102 /* PBXTargetDependency */ = {
			isa = PBXTargetDependency;
			target = OBJ_80 /* Spectre */;
			targetProxy = 7368C61A1ED7455F00C60504 /* PBXContainerItemProxy */;
		};
		OBJ_116 /* PBXTargetDependency */ = {
			isa = PBXTargetDependency;
			target = OBJ_54 /* CommandLineKit */;
			targetProxy = 7368C61B1ED7455F00C60504 /* PBXContainerItemProxy */;
		};
		OBJ_117 /* PBXTargetDependency */ = {
			isa = PBXTargetDependency;
			target = OBJ_63 /* Rainbow */;
			targetProxy = 7368C61C1ED7455F00C60504 /* PBXContainerItemProxy */;
		};
		OBJ_118 /* PBXTargetDependency */ = {
			isa = PBXTargetDependency;
			target = OBJ_80 /* Spectre */;
			targetProxy = 7368C61D1ED7455F00C60504 /* PBXContainerItemProxy */;
		};
		OBJ_119 /* PBXTargetDependency */ = {
			isa = PBXTargetDependency;
			target = OBJ_94 /* PathKit */;
			targetProxy = 7368C61E1ED7455F00C60504 /* PBXContainerItemProxy */;
		};
		OBJ_132 /* PBXTargetDependency */ = {
			isa = PBXTargetDependency;
			target = OBJ_54 /* CommandLineKit */;
			targetProxy = 7368C61F1ED7455F00C60504 /* PBXContainerItemProxy */;
		};
		OBJ_133 /* PBXTargetDependency */ = {
			isa = PBXTargetDependency;
			target = OBJ_63 /* Rainbow */;
			targetProxy = 7368C6201ED7455F00C60504 /* PBXContainerItemProxy */;
		};
		OBJ_134 /* PBXTargetDependency */ = {
			isa = PBXTargetDependency;
			target = OBJ_80 /* Spectre */;
			targetProxy = 7368C6211ED7455F00C60504 /* PBXContainerItemProxy */;
		};
		OBJ_135 /* PBXTargetDependency */ = {
			isa = PBXTargetDependency;
			target = OBJ_94 /* PathKit */;
			targetProxy = 7368C6221ED7455F00C60504 /* PBXContainerItemProxy */;
		};
		OBJ_136 /* PBXTargetDependency */ = {
			isa = PBXTargetDependency;
			target = OBJ_103 /* GYReduceKit */;
			targetProxy = 7368C6231ED7455F00C60504 /* PBXContainerItemProxy */;
		};
		OBJ_149 /* PBXTargetDependency */ = {
			isa = PBXTargetDependency;
			target = OBJ_54 /* CommandLineKit */;
			targetProxy = 7368C6241ED7455F00C60504 /* PBXContainerItemProxy */;
		};
		OBJ_150 /* PBXTargetDependency */ = {
			isa = PBXTargetDependency;
			target = OBJ_63 /* Rainbow */;
			targetProxy = 7368C6251ED7455F00C60504 /* PBXContainerItemProxy */;
		};
		OBJ_151 /* PBXTargetDependency */ = {
			isa = PBXTargetDependency;
			target = OBJ_80 /* Spectre */;
			targetProxy = 7368C6261ED7455F00C60504 /* PBXContainerItemProxy */;
		};
		OBJ_152 /* PBXTargetDependency */ = {
			isa = PBXTargetDependency;
			target = OBJ_94 /* PathKit */;
			targetProxy = 7368C6271ED7455F00C60504 /* PBXContainerItemProxy */;
		};
		OBJ_153 /* PBXTargetDependency */ = {
			isa = PBXTargetDependency;
			target = OBJ_103 /* GYReduceKit */;
			targetProxy = 7368C6281ED7455F00C60504 /* PBXContainerItemProxy */;
		};
/* End PBXTargetDependency section */

/* Begin XCBuildConfiguration section */
		OBJ_105 /* Debug */ = {
			isa = XCBuildConfiguration;
			buildSettings = {
				ENABLE_TESTABILITY = YES;
				FRAMEWORK_SEARCH_PATHS = (
					"$(inherited)",
					"$(PLATFORM_DIR)/Developer/Library/Frameworks",
				);
				HEADER_SEARCH_PATHS = "$(inherited)";
				INFOPLIST_FILE = GYReduceTool.xcodeproj/GYReduceKit_Info.plist;
				LD_RUNPATH_SEARCH_PATHS = "$(TOOLCHAIN_DIR)/usr/lib/swift/macosx";
				OTHER_LDFLAGS = "$(inherited)";
				OTHER_SWIFT_FLAGS = "$(inherited)";
				PRODUCT_BUNDLE_IDENTIFIER = GYReduceKit;
				PRODUCT_MODULE_NAME = "$(TARGET_NAME:c99extidentifier)";
				PRODUCT_NAME = "$(TARGET_NAME:c99extidentifier)";
				SKIP_INSTALL = YES;
				TARGET_NAME = GYReduceKit;
			};
			name = Debug;
		};
		OBJ_106 /* Release */ = {
			isa = XCBuildConfiguration;
			buildSettings = {
				ENABLE_TESTABILITY = YES;
				FRAMEWORK_SEARCH_PATHS = (
					"$(inherited)",
					"$(PLATFORM_DIR)/Developer/Library/Frameworks",
				);
				HEADER_SEARCH_PATHS = "$(inherited)";
				INFOPLIST_FILE = GYReduceTool.xcodeproj/GYReduceKit_Info.plist;
				LD_RUNPATH_SEARCH_PATHS = "$(TOOLCHAIN_DIR)/usr/lib/swift/macosx";
				OTHER_LDFLAGS = "$(inherited)";
				OTHER_SWIFT_FLAGS = "$(inherited)";
				PRODUCT_BUNDLE_IDENTIFIER = GYReduceKit;
				PRODUCT_MODULE_NAME = "$(TARGET_NAME:c99extidentifier)";
				PRODUCT_NAME = "$(TARGET_NAME:c99extidentifier)";
				SKIP_INSTALL = YES;
				TARGET_NAME = GYReduceKit;
			};
			name = Release;
		};
		OBJ_122 /* Debug */ = {
			isa = XCBuildConfiguration;
			buildSettings = {
				FRAMEWORK_SEARCH_PATHS = (
					"$(inherited)",
					"$(PLATFORM_DIR)/Developer/Library/Frameworks",
				);
				HEADER_SEARCH_PATHS = "$(inherited)";
				INFOPLIST_FILE = GYReduceTool.xcodeproj/GYReduceTool_Info.plist;
				LD_RUNPATH_SEARCH_PATHS = "$(TOOLCHAIN_DIR)/usr/lib/swift/macosx @executable_path";
				OTHER_LDFLAGS = "$(inherited)";
				OTHER_SWIFT_FLAGS = "$(inherited)";
				SWIFT_FORCE_DYNAMIC_LINK_STDLIB = YES;
				SWIFT_FORCE_STATIC_LINK_STDLIB = NO;
				TARGET_NAME = GYReduceTool;
			};
			name = Debug;
		};
		OBJ_123 /* Release */ = {
			isa = XCBuildConfiguration;
			buildSettings = {
				FRAMEWORK_SEARCH_PATHS = (
					"$(inherited)",
					"$(PLATFORM_DIR)/Developer/Library/Frameworks",
				);
				HEADER_SEARCH_PATHS = "$(inherited)";
				INFOPLIST_FILE = GYReduceTool.xcodeproj/GYReduceTool_Info.plist;
				LD_RUNPATH_SEARCH_PATHS = "$(TOOLCHAIN_DIR)/usr/lib/swift/macosx @executable_path";
				OTHER_LDFLAGS = "$(inherited)";
				OTHER_SWIFT_FLAGS = "$(inherited)";
				SWIFT_FORCE_DYNAMIC_LINK_STDLIB = YES;
				SWIFT_FORCE_STATIC_LINK_STDLIB = NO;
				TARGET_NAME = GYReduceTool;
			};
			name = Release;
		};
		OBJ_139 /* Debug */ = {
			isa = XCBuildConfiguration;
			buildSettings = {
				EMBEDDED_CONTENT_CONTAINS_SWIFT = YES;
				FRAMEWORK_SEARCH_PATHS = (
					"$(inherited)",
					"$(PLATFORM_DIR)/Developer/Library/Frameworks",
				);
				HEADER_SEARCH_PATHS = "$(inherited)";
				INFOPLIST_FILE = GYReduceTool.xcodeproj/GYReduceKitTests_Info.plist;
				LD_RUNPATH_SEARCH_PATHS = "@loader_path/../Frameworks @loader_path/Frameworks";
				OTHER_LDFLAGS = "$(inherited)";
				OTHER_SWIFT_FLAGS = "$(inherited)";
				TARGET_NAME = GYReduceKitTests;
			};
			name = Debug;
		};
		OBJ_140 /* Release */ = {
			isa = XCBuildConfiguration;
			buildSettings = {
				EMBEDDED_CONTENT_CONTAINS_SWIFT = YES;
				FRAMEWORK_SEARCH_PATHS = (
					"$(inherited)",
					"$(PLATFORM_DIR)/Developer/Library/Frameworks",
				);
				HEADER_SEARCH_PATHS = "$(inherited)";
				INFOPLIST_FILE = GYReduceTool.xcodeproj/GYReduceKitTests_Info.plist;
				LD_RUNPATH_SEARCH_PATHS = "@loader_path/../Frameworks @loader_path/Frameworks";
				OTHER_LDFLAGS = "$(inherited)";
				OTHER_SWIFT_FLAGS = "$(inherited)";
				TARGET_NAME = GYReduceKitTests;
			};
			name = Release;
		};
		OBJ_3 /* Debug */ = {
			isa = XCBuildConfiguration;
			buildSettings = {
				CLANG_ENABLE_OBJC_ARC = YES;
				COMBINE_HIDPI_IMAGES = YES;
				COPY_PHASE_STRIP = NO;
				DEBUG_INFORMATION_FORMAT = dwarf;
				DYLIB_INSTALL_NAME_BASE = "@rpath";
				ENABLE_NS_ASSERTIONS = YES;
				GCC_OPTIMIZATION_LEVEL = 0;
				MACOSX_DEPLOYMENT_TARGET = 10.10;
				ONLY_ACTIVE_ARCH = YES;
				OTHER_SWIFT_FLAGS = "-DXcode";
				PRODUCT_NAME = "$(TARGET_NAME)";
				SDKROOT = macosx;
				SUPPORTED_PLATFORMS = "macosx iphoneos iphonesimulator appletvos appletvsimulator watchos watchsimulator";
				SWIFT_ACTIVE_COMPILATION_CONDITIONS = SWIFT_PACKAGE;
				SWIFT_OPTIMIZATION_LEVEL = "-Onone";
				SWIFT_VERSION = 3.0;
				USE_HEADERMAP = NO;
			};
			name = Debug;
		};
		OBJ_4 /* Release */ = {
			isa = XCBuildConfiguration;
			buildSettings = {
				CLANG_ENABLE_OBJC_ARC = YES;
				COMBINE_HIDPI_IMAGES = YES;
				COPY_PHASE_STRIP = YES;
				DEBUG_INFORMATION_FORMAT = "dwarf-with-dsym";
				DYLIB_INSTALL_NAME_BASE = "@rpath";
				GCC_OPTIMIZATION_LEVEL = s;
				MACOSX_DEPLOYMENT_TARGET = 10.10;
				OTHER_SWIFT_FLAGS = "-DXcode";
				PRODUCT_NAME = "$(TARGET_NAME)";
				SDKROOT = macosx;
				SUPPORTED_PLATFORMS = "macosx iphoneos iphonesimulator appletvos appletvsimulator watchos watchsimulator";
				SWIFT_ACTIVE_COMPILATION_CONDITIONS = SWIFT_PACKAGE;
				SWIFT_OPTIMIZATION_LEVEL = "-Owholemodule";
				SWIFT_VERSION = 3.0;
				USE_HEADERMAP = NO;
			};
			name = Release;
		};
		OBJ_56 /* Debug */ = {
			isa = XCBuildConfiguration;
			buildSettings = {
				ENABLE_TESTABILITY = YES;
				FRAMEWORK_SEARCH_PATHS = (
					"$(inherited)",
					"$(PLATFORM_DIR)/Developer/Library/Frameworks",
				);
				HEADER_SEARCH_PATHS = "$(inherited)";
				INFOPLIST_FILE = GYReduceTool.xcodeproj/CommandLineKit_Info.plist;
				LD_RUNPATH_SEARCH_PATHS = "$(TOOLCHAIN_DIR)/usr/lib/swift/macosx";
				OTHER_LDFLAGS = "$(inherited)";
				OTHER_SWIFT_FLAGS = "$(inherited)";
				PRODUCT_BUNDLE_IDENTIFIER = CommandLineKit;
				PRODUCT_MODULE_NAME = "$(TARGET_NAME:c99extidentifier)";
				PRODUCT_NAME = "$(TARGET_NAME:c99extidentifier)";
				SKIP_INSTALL = YES;
				TARGET_NAME = CommandLineKit;
			};
			name = Debug;
		};
		OBJ_57 /* Release */ = {
			isa = XCBuildConfiguration;
			buildSettings = {
				ENABLE_TESTABILITY = YES;
				FRAMEWORK_SEARCH_PATHS = (
					"$(inherited)",
					"$(PLATFORM_DIR)/Developer/Library/Frameworks",
				);
				HEADER_SEARCH_PATHS = "$(inherited)";
				INFOPLIST_FILE = GYReduceTool.xcodeproj/CommandLineKit_Info.plist;
				LD_RUNPATH_SEARCH_PATHS = "$(TOOLCHAIN_DIR)/usr/lib/swift/macosx";
				OTHER_LDFLAGS = "$(inherited)";
				OTHER_SWIFT_FLAGS = "$(inherited)";
				PRODUCT_BUNDLE_IDENTIFIER = CommandLineKit;
				PRODUCT_MODULE_NAME = "$(TARGET_NAME:c99extidentifier)";
				PRODUCT_NAME = "$(TARGET_NAME:c99extidentifier)";
				SKIP_INSTALL = YES;
				TARGET_NAME = CommandLineKit;
			};
			name = Release;
		};
		OBJ_65 /* Debug */ = {
			isa = XCBuildConfiguration;
			buildSettings = {
				ENABLE_TESTABILITY = YES;
				FRAMEWORK_SEARCH_PATHS = (
					"$(inherited)",
					"$(PLATFORM_DIR)/Developer/Library/Frameworks",
				);
				HEADER_SEARCH_PATHS = "$(inherited)";
				INFOPLIST_FILE = GYReduceTool.xcodeproj/Rainbow_Info.plist;
				LD_RUNPATH_SEARCH_PATHS = "$(TOOLCHAIN_DIR)/usr/lib/swift/macosx";
				OTHER_LDFLAGS = "$(inherited)";
				OTHER_SWIFT_FLAGS = "$(inherited)";
				PRODUCT_BUNDLE_IDENTIFIER = Rainbow;
				PRODUCT_MODULE_NAME = "$(TARGET_NAME:c99extidentifier)";
				PRODUCT_NAME = "$(TARGET_NAME:c99extidentifier)";
				SKIP_INSTALL = YES;
				TARGET_NAME = Rainbow;
			};
			name = Debug;
		};
		OBJ_66 /* Release */ = {
			isa = XCBuildConfiguration;
			buildSettings = {
				ENABLE_TESTABILITY = YES;
				FRAMEWORK_SEARCH_PATHS = (
					"$(inherited)",
					"$(PLATFORM_DIR)/Developer/Library/Frameworks",
				);
				HEADER_SEARCH_PATHS = "$(inherited)";
				INFOPLIST_FILE = GYReduceTool.xcodeproj/Rainbow_Info.plist;
				LD_RUNPATH_SEARCH_PATHS = "$(TOOLCHAIN_DIR)/usr/lib/swift/macosx";
				OTHER_LDFLAGS = "$(inherited)";
				OTHER_SWIFT_FLAGS = "$(inherited)";
				PRODUCT_BUNDLE_IDENTIFIER = Rainbow;
				PRODUCT_MODULE_NAME = "$(TARGET_NAME:c99extidentifier)";
				PRODUCT_NAME = "$(TARGET_NAME:c99extidentifier)";
				SKIP_INSTALL = YES;
				TARGET_NAME = Rainbow;
			};
			name = Release;
		};
		OBJ_82 /* Debug */ = {
			isa = XCBuildConfiguration;
			buildSettings = {
				ENABLE_TESTABILITY = YES;
				FRAMEWORK_SEARCH_PATHS = (
					"$(inherited)",
					"$(PLATFORM_DIR)/Developer/Library/Frameworks",
				);
				HEADER_SEARCH_PATHS = "$(inherited)";
				INFOPLIST_FILE = GYReduceTool.xcodeproj/Spectre_Info.plist;
				LD_RUNPATH_SEARCH_PATHS = "$(TOOLCHAIN_DIR)/usr/lib/swift/macosx";
				OTHER_LDFLAGS = "$(inherited)";
				OTHER_SWIFT_FLAGS = "$(inherited)";
				PRODUCT_BUNDLE_IDENTIFIER = Spectre;
				PRODUCT_MODULE_NAME = "$(TARGET_NAME:c99extidentifier)";
				PRODUCT_NAME = "$(TARGET_NAME:c99extidentifier)";
				SKIP_INSTALL = YES;
				TARGET_NAME = Spectre;
			};
			name = Debug;
		};
		OBJ_83 /* Release */ = {
			isa = XCBuildConfiguration;
			buildSettings = {
				ENABLE_TESTABILITY = YES;
				FRAMEWORK_SEARCH_PATHS = (
					"$(inherited)",
					"$(PLATFORM_DIR)/Developer/Library/Frameworks",
				);
				HEADER_SEARCH_PATHS = "$(inherited)";
				INFOPLIST_FILE = GYReduceTool.xcodeproj/Spectre_Info.plist;
				LD_RUNPATH_SEARCH_PATHS = "$(TOOLCHAIN_DIR)/usr/lib/swift/macosx";
				OTHER_LDFLAGS = "$(inherited)";
				OTHER_SWIFT_FLAGS = "$(inherited)";
				PRODUCT_BUNDLE_IDENTIFIER = Spectre;
				PRODUCT_MODULE_NAME = "$(TARGET_NAME:c99extidentifier)";
				PRODUCT_NAME = "$(TARGET_NAME:c99extidentifier)";
				SKIP_INSTALL = YES;
				TARGET_NAME = Spectre;
			};
			name = Release;
		};
		OBJ_96 /* Debug */ = {
			isa = XCBuildConfiguration;
			buildSettings = {
				ENABLE_TESTABILITY = YES;
				FRAMEWORK_SEARCH_PATHS = (
					"$(inherited)",
					"$(PLATFORM_DIR)/Developer/Library/Frameworks",
				);
				HEADER_SEARCH_PATHS = "$(inherited)";
				INFOPLIST_FILE = GYReduceTool.xcodeproj/PathKit_Info.plist;
				LD_RUNPATH_SEARCH_PATHS = "$(TOOLCHAIN_DIR)/usr/lib/swift/macosx";
				OTHER_LDFLAGS = "$(inherited)";
				OTHER_SWIFT_FLAGS = "$(inherited)";
				PRODUCT_BUNDLE_IDENTIFIER = PathKit;
				PRODUCT_MODULE_NAME = "$(TARGET_NAME:c99extidentifier)";
				PRODUCT_NAME = "$(TARGET_NAME:c99extidentifier)";
				SKIP_INSTALL = YES;
				TARGET_NAME = PathKit;
			};
			name = Debug;
		};
		OBJ_97 /* Release */ = {
			isa = XCBuildConfiguration;
			buildSettings = {
				ENABLE_TESTABILITY = YES;
				FRAMEWORK_SEARCH_PATHS = (
					"$(inherited)",
					"$(PLATFORM_DIR)/Developer/Library/Frameworks",
				);
				HEADER_SEARCH_PATHS = "$(inherited)";
				INFOPLIST_FILE = GYReduceTool.xcodeproj/PathKit_Info.plist;
				LD_RUNPATH_SEARCH_PATHS = "$(TOOLCHAIN_DIR)/usr/lib/swift/macosx";
				OTHER_LDFLAGS = "$(inherited)";
				OTHER_SWIFT_FLAGS = "$(inherited)";
				PRODUCT_BUNDLE_IDENTIFIER = PathKit;
				PRODUCT_MODULE_NAME = "$(TARGET_NAME:c99extidentifier)";
				PRODUCT_NAME = "$(TARGET_NAME:c99extidentifier)";
				SKIP_INSTALL = YES;
				TARGET_NAME = PathKit;
			};
			name = Release;
		};
/* End XCBuildConfiguration section */

/* Begin XCConfigurationList section */
		OBJ_104 /* Build configuration list for PBXNativeTarget "GYReduceKit" */ = {
			isa = XCConfigurationList;
			buildConfigurations = (
				OBJ_105 /* Debug */,
				OBJ_106 /* Release */,
			);
			defaultConfigurationIsVisible = 0;
			defaultConfigurationName = Debug;
		};
		OBJ_121 /* Build configuration list for PBXNativeTarget "GYReduceTool" */ = {
			isa = XCConfigurationList;
			buildConfigurations = (
				OBJ_122 /* Debug */,
				OBJ_123 /* Release */,
			);
			defaultConfigurationIsVisible = 0;
			defaultConfigurationName = Debug;
		};
		OBJ_138 /* Build configuration list for PBXNativeTarget "GYReduceKitTests" */ = {
			isa = XCConfigurationList;
			buildConfigurations = (
				OBJ_139 /* Debug */,
				OBJ_140 /* Release */,
			);
			defaultConfigurationIsVisible = 0;
			defaultConfigurationName = Debug;
		};
		OBJ_2 /* Build configuration list for PBXProject "GYReduceTool" */ = {
			isa = XCConfigurationList;
			buildConfigurations = (
				OBJ_3 /* Debug */,
				OBJ_4 /* Release */,
			);
			defaultConfigurationIsVisible = 0;
			defaultConfigurationName = Debug;
		};
		OBJ_55 /* Build configuration list for PBXNativeTarget "CommandLineKit" */ = {
			isa = XCConfigurationList;
			buildConfigurations = (
				OBJ_56 /* Debug */,
				OBJ_57 /* Release */,
			);
			defaultConfigurationIsVisible = 0;
			defaultConfigurationName = Debug;
		};
		OBJ_64 /* Build configuration list for PBXNativeTarget "Rainbow" */ = {
			isa = XCConfigurationList;
			buildConfigurations = (
				OBJ_65 /* Debug */,
				OBJ_66 /* Release */,
			);
			defaultConfigurationIsVisible = 0;
			defaultConfigurationName = Debug;
		};
		OBJ_81 /* Build configuration list for PBXNativeTarget "Spectre" */ = {
			isa = XCConfigurationList;
			buildConfigurations = (
				OBJ_82 /* Debug */,
				OBJ_83 /* Release */,
			);
			defaultConfigurationIsVisible = 0;
			defaultConfigurationName = Debug;
		};
		OBJ_95 /* Build configuration list for PBXNativeTarget "PathKit" */ = {
			isa = XCConfigurationList;
			buildConfigurations = (
				OBJ_96 /* Debug */,
				OBJ_97 /* Release */,
			);
			defaultConfigurationIsVisible = 0;
			defaultConfigurationName = Debug;
		};
/* End XCConfigurationList section */
	};
	rootObject = OBJ_1 /* Project object */;
}
